
Microsoft Visual Studio Solution File, Format Version 12.00
# Visual Studio Version 16
VisualStudioVersion = 16.0.30204.135
MinimumVisualStudioVersion = 10.0.40219.1
Project("{FAE04EC0-301F-11D3-BF4B-00C04F79EFBC}") = "BatalhaNaval", "BatalhaNaval.csproj", "{0E283987-6D47-410B-BA80-366DB03E4D34}"
EndProject
Global
	GlobalSection(SolutionConfigurationPlatforms) = preSolution
		Debug|Any CPU = Debug|Any CPU
		Release|Any CPU = Release|Any CPU
	EndGlobalSection
	GlobalSection(ProjectConfigurationPlatforms) = postSolution
		{0E283987-6D47-410B-BA80-366DB03E4D34}.Debug|Any CPU.ActiveCfg = Debug|Any CPU
		{0E283987-6D47-410B-BA80-366DB03E4D34}.Debug|Any CPU.Build.0 = Debug|Any CPU
		{0E283987-6D47-410B-BA80-366DB03E4D34}.Release|Any CPU.ActiveCfg = Release|Any CPU
		{0E283987-6D47-410B-BA80-366DB03E4D34}.Release|Any CPU.Build.0 = Release|Any CPU
	EndGlobalSection
	GlobalSection(SolutionProperties) = preSolution
		HideSolutionNode = FALSE
	EndGlobalSection
	GlobalSection(ExtensibilityGlobals) = postSolution
		SolutionGuid = {82EE78CF-E698-4D48-A5B8-D08341D2FEF4}
	EndGlobalSection
EndGlobal
